{
  "name": "sendmails",
  "version": "1.0.0",
  "lockfileVersion": 1,
  "requires": true,
  "dependencies": {
    "addressparser": {
      "version": "1.0.1",
      "resolved": "https://registry.npmjs.org/addressparser/-/addressparser-1.0.1.tgz",
      "integrity": "sha1-R6++GiqSYhkdtoOOT9HTm0CCF0Y="
    },
    "async.ensureasync": {
      "version": "0.5.2",
      "resolved": "https://registry.npmjs.org/async.ensureasync/-/async.ensureasync-0.5.2.tgz",
      "integrity": "sha1-w8fkpOmzHZaHXVa4UEWYRG4eMF0=",
      "requires": {
        "async.util.ensureasync": "0.5.2"
      }
    },
    "async.queue": {
      "version": "0.5.2",
      "resolved": "https://registry.npmjs.org/async.queue/-/async.queue-0.5.2.tgz",
      "integrity": "sha1-jV2QgS4UgQZrwJBOjMFxKxfDvXw=",
      "requires": {
        "async.util.queue": "0.5.2"
      }
    },
    "async.util.arrayeach": {
      "version": "0.5.2",
      "resolved": "https://registry.npmjs.org/async.util.arrayeach/-/async.util.arrayeach-0.5.2.tgz",
      "integrity": "sha1-WMTpgCjVXWm/sFrrOvROClVagpw="
    },
    "async.util.ensureasync": {
      "version": "0.5.2",
      "resolved": "https://registry.npmjs.org/async.util.ensureasync/-/async.util.ensureasync-0.5.2.tgz",
      "integrity": "sha1-EJB/LL0GegYfma5tIuCM7TDbDWg=",
      "requires": {
        "async.util.restparam": "0.5.2",
        "async.util.setimmediate": "0.5.2"
      }
    },
    "async.util.isarray": {
      "version": "0.5.2",
      "resolved": "https://registry.npmjs.org/async.util.isarray/-/async.util.isarray-0.5.2.tgz",
      "integrity": "sha1-5i2sjyY29lh13PdSHC0k0N+yu98="
    },
    "async.util.map": {
      "version": "0.5.2",
      "resolved": "https://registry.npmjs.org/async.util.map/-/async.util.map-0.5.2.tgz",
      "integrity": "sha1-5YjvhuCzq18CfZevTWg10FXKadY="
    },
    "async.util.noop": {
      "version": "0.5.2",
      "resolved": "https://registry.npmjs.org/async.util.noop/-/async.util.noop-0.5.2.tgz",
      "integrity": "sha1-vdYrl8sKo/YLWGrRSEaGmJdeWLk="
    },
    "async.util.onlyonce": {
      "version": "0.5.2",
      "resolved": "https://registry.npmjs.org/async.util.onlyonce/-/async.util.onlyonce-0.5.2.tgz",
      "integrity": "sha1-uOb8AErckjFk154y8oE+5GXCT/I="
    },
    "async.util.queue": {
      "version": "0.5.2",
      "resolved": "https://registry.npmjs.org/async.util.queue/-/async.util.queue-0.5.2.tgz",
      "integrity": "sha1-V/Zavho83yc9MavSirlUJfgiLuU=",
      "requires": {
        "async.util.arrayeach": "0.5.2",
        "async.util.isarray": "0.5.2",
        "async.util.map": "0.5.2",
        "async.util.noop": "0.5.2",
        "async.util.onlyonce": "0.5.2",
        "async.util.setimmediate": "0.5.2"
      }
    },
    "async.util.restparam": {
      "version": "0.5.2",
      "resolved": "https://registry.npmjs.org/async.util.restparam/-/async.util.restparam-0.5.2.tgz",
      "integrity": "sha1-A+/r88Ane5ciDlJaunUPXgT8gM0="
    },
    "async.util.setimmediate": {
      "version": "0.5.2",
      "resolved": "https://registry.npmjs.org/async.util.setimmediate/-/async.util.setimmediate-0.5.2.tgz",
      "integrity": "sha1-KBLrq/KlgCd1jUvHeT0cz68QJV8="
    },
    "balanced-match": {
      "version": "1.0.2",
      "resolved": "https://registry.npmjs.org/balanced-match/-/balanced-match-1.0.2.tgz",
      "integrity": "sha512-3oSeUO0TMV67hN1AmbXsK4yaqU7tjiHlbxRDZOpH0KW9+CeX4bRAaX0Anxt0tx2MrpRpWwQaPwIlISEJhYU5Pw=="
    },
    "bottleneck": {
      "version": "1.16.0",
      "resolved": "https://registry.npmjs.org/bottleneck/-/bottleneck-1.16.0.tgz",
      "integrity": "sha1-1s4TgIUnr8gLaQkvFWBmVeWyHxo="
    },
    "brace-expansion": {
      "version": "1.1.11",
      "resolved": "https://registry.npmjs.org/brace-expansion/-/brace-expansion-1.1.11.tgz",
      "integrity": "sha512-iCuPHDFgrHX7H2vEI/5xpz07zSHB00TpugqhmYtVmMO6518mCuRMoOYFldEBl0g187ufozdaHgWKcYFb61qGiA==",
      "requires": {
        "balanced-match": "^1.0.0",
        "concat-map": "0.0.1"
      }
    },
    "concat-map": {
      "version": "0.0.1",
      "resolved": "https://registry.npmjs.org/concat-map/-/concat-map-0.0.1.tgz",
      "integrity": "sha1-2Klr13/Wjfd5OnMDajug1UBdR3s="
    },
    "debug": {
      "version": "2.6.9",
      "resolved": "https://registry.npmjs.org/debug/-/debug-2.6.9.tgz",
      "integrity": "sha512-bC7ElrdJaJnPbAP+1EotYvqZsb3ecl5wi6Bfi6BJTUcNowp6cvspg0jXznRTKDjm/E7AdgFBVeAPVMNcKGsHMA==",
      "requires": {
        "ms": "2.0.0"
      }
    },
    "dotenv": {
      "version": "8.1.0",
      "resolved": "https://registry.npmjs.org/dotenv/-/dotenv-8.1.0.tgz",
      "integrity": "sha512-GUE3gqcDCaMltj2++g6bRQ5rBJWtkWTmqmD0fo1RnnMuUqHNCt2oTPeDnS9n6fKYvlhn7AeBkb38lymBtWBQdA=="
    },
    "encoding": {
      "version": "0.1.12",
      "resolved": "https://registry.npmjs.org/encoding/-/encoding-0.1.12.tgz",
      "integrity": "sha1-U4tm8+5izRq1HsMjgp0flIDHS+s=",
      "requires": {
        "iconv-lite": "~0.4.13"
      }
    },
    "escape-string-regexp": {
      "version": "1.0.5",
      "resolved": "https://registry.npmjs.org/escape-string-regexp/-/escape-string-regexp-1.0.5.tgz",
      "integrity": "sha1-G2HAViGQqN/2rjuyzwIAyhMLhtQ="
    },
    "express-handlebars": {
      "version": "5.3.1",
      "resolved": "https://registry.npmjs.org/express-handlebars/-/express-handlebars-5.3.1.tgz",
      "integrity": "sha512-mHpf3PAYysgo6M2yl/r0p5ui/gHwVa7vLBgA3ht8HlNxRGcwXSAGOwKAtAEVdHs4j7FDb5ZGsAJoA8nFaogbGw==",
      "requires": {
        "glob": "^7.1.6",
        "graceful-fs": "^4.2.6",
        "handlebars": "^4.7.7"
      }
    },
    "extend": {
      "version": "3.0.2",
      "resolved": "https://registry.npmjs.org/extend/-/extend-3.0.2.tgz",
      "integrity": "sha512-fjquC59cD7CyW6urNXK0FBufkZcoiGG80wTuPujX590cB5Ttln20E2UB4S/WARVqhXffZl2LNgS+gQdPIIim/g=="
    },
    "fs.realpath": {
      "version": "1.0.0",
      "resolved": "https://registry.npmjs.org/fs.realpath/-/fs.realpath-1.0.0.tgz",
      "integrity": "sha1-FQStJSMVjKpA20onh8sBQRmU6k8="
    },
    "glob": {
      "version": "7.2.0",
      "resolved": "https://registry.npmjs.org/glob/-/glob-7.2.0.tgz",
      "integrity": "sha512-lmLf6gtyrPq8tTjSmrO94wBeQbFR3HbLHbuyD69wuyQkImp2hWqMGB47OX65FBkPffO641IP9jWa1z4ivqG26Q==",
      "requires": {
        "fs.realpath": "^1.0.0",
        "inflight": "^1.0.4",
        "inherits": "2",
        "minimatch": "^3.0.4",
        "once": "^1.3.0",
        "path-is-absolute": "^1.0.0"
      }
    },
    "graceful-fs": {
      "version": "4.2.9",
      "resolved": "https://registry.npmjs.org/graceful-fs/-/graceful-fs-4.2.9.tgz",
      "integrity": "sha512-NtNxqUcXgpW2iMrfqSfR73Glt39K+BLwWsPs94yR63v45T0Wbej7eRmL5cWfwEgqXnmjQp3zaJTshdRW/qC2ZQ=="
    },
    "handlebars": {
      "version": "4.7.7",
      "resolved": "https://registry.npmjs.org/handlebars/-/handlebars-4.7.7.tgz",
      "integrity": "sha512-aAcXm5OAfE/8IXkcZvCepKU3VzW1/39Fb5ZuqMtgI/hT8X2YgoMvBY5dLhq/cpOvw7Lk1nK/UF71aLG/ZnVYRA==",
      "requires": {
        "minimist": "^1.2.5",
        "neo-async": "^2.6.0",
        "source-map": "^0.6.1",
        "uglify-js": "^3.1.4",
        "wordwrap": "^1.0.0"
      }
    },
    "iconv-lite": {
      "version": "0.4.24",
      "resolved": "https://registry.npmjs.org/iconv-lite/-/iconv-lite-0.4.24.tgz",
      "integrity": "sha512-v3MXnZAcvnywkTUEZomIActle7RXXeedOR31wwl7VlyoXO4Qi9arvSenNQWne1TcRwhCL1HwLI21bEqdpj8/rA==",
      "requires": {
        "safer-buffer": ">= 2.1.2 < 3"
      }
    },
    "inflight": {
      "version": "1.0.6",
      "resolved": "https://registry.npmjs.org/inflight/-/inflight-1.0.6.tgz",
      "integrity": "sha1-Sb1jMdfQLQwJvJEKEHW6gWW1bfk=",
      "requires": {
        "once": "^1.3.0",
        "wrappy": "1"
      }
    },
    "inherits": {
      "version": "2.0.4",
      "resolved": "https://registry.npmjs.org/inherits/-/inherits-2.0.4.tgz",
      "integrity": "sha512-k/vGaX4/Yla3WzyMCvTQOXYeIHvqOKtnqBduzTHpzpQZzAskKMhZ2K+EnBiSM9zGSoIFeMpXKxa4dYeZIQqewQ=="
    },
    "lodash.chunk": {
      "version": "4.2.0",
      "resolved": "https://registry.npmjs.org/lodash.chunk/-/lodash.chunk-4.2.0.tgz",
      "integrity": "sha1-ZuXOH3btJ7QwPYxlEujRIW6BBrw="
    },
    "mailparser": {
      "version": "0.6.2",
      "resolved": "https://registry.npmjs.org/mailparser/-/mailparser-0.6.2.tgz",
      "integrity": "sha1-A8SGA5vfTfbNO2rcqqxBB9/bwGg=",
      "requires": {
        "encoding": "^0.1.12",
        "mime": "^1.3.4",
        "mimelib": "^0.3.0",
        "uue": "^3.1.0"
      }
    },
    "mime": {
      "version": "1.6.0",
      "resolved": "https://registry.npmjs.org/mime/-/mime-1.6.0.tgz",
      "integrity": "sha512-x0Vn8spI+wuJ1O6S7gnbaQg8Pxh4NNHb7KSINmEWKiPE4RKOplvijn+NkmYmmRgP68mc70j2EbeTFRsrswaQeg=="
    },
    "mimelib": {
      "version": "0.3.1",
      "resolved": "https://registry.npmjs.org/mimelib/-/mimelib-0.3.1.tgz",
      "integrity": "sha1-eHrdJBXYJ6yzr27EvKHqlZZBiFM=",
      "requires": {
        "addressparser": "~1.0.1",
        "encoding": "~0.1.12"
      }
    },
    "minimatch": {
      "version": "3.0.5",
      "resolved": "https://registry.npmjs.org/minimatch/-/minimatch-3.0.5.tgz",
      "integrity": "sha512-tUpxzX0VAzJHjLu0xUfFv1gwVp9ba3IOuRAVH2EGuRW8a5emA2FlACLqiT/lDVtS1W+TGNwqz3sWaNyLgDJWuw==",
      "requires": {
        "brace-expansion": "^1.1.7"
      }
    },
    "minimist": {
      "version": "1.2.5",
      "resolved": "https://registry.npmjs.org/minimist/-/minimist-1.2.5.tgz",
      "integrity": "sha512-FM9nNUYrRBAELZQT3xeZQ7fmMOBg6nWNmJKTcgsJeaLstP/UODVpGsr5OhXhhXg6f+qtJ8uiZ+PUxkDWcgIXLw=="
    },
    "ms": {
      "version": "2.0.0",
      "resolved": "https://registry.npmjs.org/ms/-/ms-2.0.0.tgz",
      "integrity": "sha1-VgiurfwAvmwpAd9fmGF4jeDVl8g="
    },
    "neo-async": {
      "version": "2.6.2",
      "resolved": "https://registry.npmjs.org/neo-async/-/neo-async-2.6.2.tgz",
      "integrity": "sha512-Yd3UES5mWCSqR+qNT93S3UoYUkqAZ9lLg8a7g9rimsWmYGK8cVToA4/sF3RrshdyV3sAGMXVUmpMYOw+dLpOuw=="
    },
    "once": {
      "version": "1.4.0",
      "resolved": "https://registry.npmjs.org/once/-/once-1.4.0.tgz",
      "integrity": "sha1-WDsap3WWHUsROsF9nFC6753Xa9E=",
      "requires": {
        "wrappy": "1"
      }
    },
    "path-is-absolute": {
      "version": "1.0.1",
      "resolved": "https://registry.npmjs.org/path-is-absolute/-/path-is-absolute-1.0.1.tgz",
      "integrity": "sha1-F0uSaHNVNP+8es5r9TpanhtcX18="
    },
    "safer-buffer": {
      "version": "2.1.2",
      "resolved": "https://registry.npmjs.org/safer-buffer/-/safer-buffer-2.1.2.tgz",
      "integrity": "sha512-YZo3K82SD7Riyi0E1EQPojLz7kpepnSQI9IyPbHHg1XXXevb5dJI7tpyN2ADxGcQbHG7vcyRHk0cbwqcQriUtg=="
    },
    "sendgrid": {
      "version": "5.2.3",
      "resolved": "https://registry.npmjs.org/sendgrid/-/sendgrid-5.2.3.tgz",
      "integrity": "sha512-FD7oR9TbJFUew1p0Vw9JX0wBetDyq634LzylSXz4n9+hwaf+6a9dNloZl8CcjpsX4NuEc3HJanTN4GjDwNyi4A==",
      "requires": {
        "async.ensureasync": "^0.5.2",
        "async.queue": "^0.5.2",
        "bottleneck": "^1.12.0",
        "debug": "^2.2.0",
        "lodash.chunk": "^4.2.0",
        "mailparser": "^0.6.1",
        "sendgrid-rest": "^2.3.0"
      }
    },
    "sendgrid-rest": {
      "version": "2.4.0",
      "resolved": "https://registry.npmjs.org/sendgrid-rest/-/sendgrid-rest-2.4.0.tgz",
      "integrity": "sha512-3VRHhTnln17jPQNzBjEHO6u2Y7kLlhVnOvX0aGjr7yRVZpq5LXo0ilAFMsaHUfKVH+jFdCrHMAVLOAdtu6wLJA=="
    },
    "source-map": {
      "version": "0.6.1",
      "resolved": "https://registry.npmjs.org/source-map/-/source-map-0.6.1.tgz",
      "integrity": "sha512-UjgapumWlbMhkBgzT7Ykc5YXUT46F0iKu8SGXq0bcwP5dz/h0Plj6enJqjz1Zbq2l5WaqYnrVbwWOWMyF3F47g=="
    },
    "uglify-js": {
      "version": "3.15.1",
      "resolved": "https://registry.npmjs.org/uglify-js/-/uglify-js-3.15.1.tgz",
      "integrity": "sha512-FAGKF12fWdkpvNJZENacOH0e/83eG6JyVQyanIJaBXCN1J11TUQv1T1/z8S+Z0CG0ZPk1nPcreF/c7lrTd0TEQ==",
      "optional": true
    },
    "uue": {
      "version": "3.1.2",
      "resolved": "https://registry.npmjs.org/uue/-/uue-3.1.2.tgz",
      "integrity": "sha512-axKLXVqwtdI/czrjG0X8hyV1KLgeWx8F4KvSbvVCnS+RUvsQMGRjx0kfuZDXXqj0LYvVJmx3B9kWlKtEdRrJLg==",
      "requires": {
        "escape-string-regexp": "~1.0.5",
        "extend": "~3.0.0"
      }
    },
    "wordwrap": {
      "version": "1.0.0",
      "resolved": "https://registry.npmjs.org/wordwrap/-/wordwrap-1.0.0.tgz",
      "integrity": "sha1-J1hIEIkUVqQXHI0CJkQa3pDLyus="
    },
    "wrappy": {
      "version": "1.0.2",
      "resolved": "https://registry.npmjs.org/wrappy/-/wrappy-1.0.2.tgz",
      "integrity": "sha1-tSQ9jz7BqjXxNkYFvA0QNuMKtp8="
    }
  }
}
